# @generated - this file is auto-generated by `mise lock` https://mise.jdx.dev/dev-tools/mise-lock.html

lockfile_version = 1

[[tools.actionlint]]
version = "1.7.7"
backend = "aqua:rhysd/actionlint"
specifiers = ["1.7.7"]

[tools.actionlint."platforms.linux-arm64"]
checksum = "sha256:401942f9c24ed71e4fe71b76c7d638f66d8633575c4016efd2977ce7c28317d0"
url = "https://github.com/rhysd/actionlint/releases/download/v1.7.7/actionlint_1.7.7_linux_arm64.tar.gz"
url_api = "https://api.github.com/repos/rhysd/actionlint/releases/assets/221573255"

[tools.actionlint."platforms.linux-arm64-musl"]
checksum = "sha256:401942f9c24ed71e4fe71b76c7d638f66d8633575c4016efd2977ce7c28317d0"
url = "https://github.com/rhysd/actionlint/releases/download/v1.7.7/actionlint_1.7.7_linux_arm64.tar.gz"
url_api = "https://api.github.com/repos/rhysd/actionlint/releases/assets/221573255"

[tools.actionlint."platforms.linux-x64"]
checksum = "sha256:023070a287cd8cccd71515fedc843f1985bf96c436b7effaecce67290e7e0757"
url = "https://github.com/rhysd/actionlint/releases/download/v1.7.7/actionlint_1.7.7_linux_amd64.tar.gz"
url_api = "https://api.github.com/repos/rhysd/actionlint/releases/assets/221573254"

[tools.actionlint."platforms.linux-x64-musl"]
checksum = "sha256:023070a287cd8cccd71515fedc843f1985bf96c436b7effaecce67290e7e0757"
url = "https://github.com/rhysd/actionlint/releases/download/v1.7.7/actionlint_1.7.7_linux_amd64.tar.gz"
url_api = "https://api.github.com/repos/rhysd/actionlint/releases/assets/221573254"

[tools.actionlint."platforms.macos-arm64"]
checksum = "sha256:2693315b9093aeacb4ebd91a993fea54fc215057bf0da2659056b4bc033873db"
url = "https://github.com/rhysd/actionlint/releases/download/v1.7.7/actionlint_1.7.7_darwin_arm64.tar.gz"
url_api = "https://api.github.com/repos/rhysd/actionlint/releases/assets/221573250"

[tools.actionlint."platforms.macos-x64"]
checksum = "sha256:28e5de5a05fc558474f638323d736d822fff183d2d492f0aecb2b73cc44584f5"
url = "https://github.com/rhysd/actionlint/releases/download/v1.7.7/actionlint_1.7.7_darwin_amd64.tar.gz"
url_api = "https://api.github.com/repos/rhysd/actionlint/releases/assets/221573249"

[tools.actionlint."platforms.windows-x64"]
checksum = "sha256:7f12f1801bca3d480d67aaf7774f4c2a6359a3ca8eebe382c95c10c9704aa731"
url = "https://github.com/rhysd/actionlint/releases/download/v1.7.7/actionlint_1.7.7_windows_amd64.zip"
url_api = "https://api.github.com/repos/rhysd/actionlint/releases/assets/221573260"

[[tools."cargo:cargo-zigbuild"]]
version = "0.23.4"
backend = "cargo:cargo-zigbuild"
specifiers = ["0.23.4"]

[[tools.deno]]
version = "2.5.6"
backend = "core:deno"
specifiers = ["2.5.6"]

[tools.deno."platforms.linux-arm64"]
checksum = "sha256:f5e60ae3dfceb61e5e5a41f22129e40a8bc17f6393b59e75d7ca19ceef32d824"
url = "https://dl.deno.land/release/v2.5.6/deno-aarch64-unknown-linux-gnu.zip"

[tools.deno."platforms.linux-arm64-musl"]
checksum = "sha256:f5e60ae3dfceb61e5e5a41f22129e40a8bc17f6393b59e75d7ca19ceef32d824"
url = "https://dl.deno.land/release/v2.5.6/deno-aarch64-unknown-linux-gnu.zip"

[tools.deno."platforms.linux-x64"]
checksum = "sha256:fd4f6abc1b6a134fa9a4dba56519f1631f44c88e04e4e3e9a8ff5975dfa66e1a"
url = "https://dl.deno.land/release/v2.5.6/deno-x86_64-unknown-linux-gnu.zip"

[tools.deno."platforms.linux-x64-musl"]
checksum = "sha256:fd4f6abc1b6a134fa9a4dba56519f1631f44c88e04e4e3e9a8ff5975dfa66e1a"
url = "https://dl.deno.land/release/v2.5.6/deno-x86_64-unknown-linux-gnu.zip"

[tools.deno."platforms.macos-arm64"]
checksum = "sha256:32a5b2bcf49432715719c7c769529269fbd08cafdc059b7cecd42f9d771059ab"
url = "https://dl.deno.land/release/v2.5.6/deno-aarch64-apple-darwin.zip"

[tools.deno."platforms.macos-x64"]
checksum = "sha256:bd2a862509f930c5dee2aaef4939d6c161d833a7fec8d385d0c6e55c3136c4c2"
url = "https://dl.deno.land/release/v2.5.6/deno-x86_64-apple-darwin.zip"

[tools.deno."platforms.windows-x64"]
checksum = "sha256:1327356cd63e23d0da7d11d5f5ca6b45902b1b62ee2debd4fbbd0aad2aab9786"
url = "https://dl.deno.land/release/v2.5.6/deno-x86_64-pc-windows-msvc.zip"

[[tools.python]]
version = "3.12.12"
backend = "core:python"
specifiers = ["3.12.12"]

[tools.python."platforms.linux-arm64"]
checksum = "sha256:85fdc64fe672de7337198a63d89918037bf93bdb03480404d90f8f601abef1dd"
url = "https://github.com/astral-sh/python-build-standalone/releases/download/20260211/cpython-3.12.12+20260211-aarch64-unknown-linux-gnu-install_only_stripped.tar.gz"
provenance = "github-attestations"

[tools.python."platforms.linux-arm64-musl"]
checksum = "sha256:b1c9c7a4d829575d79d7131bcf9f3666f4f3a4628de83c5317f0680bfadbe19a"
url = "https://github.com/astral-sh/python-build-standalone/releases/download/20260211/cpython-3.12.12+20260211-aarch64-unknown-linux-musl-install_only_stripped.tar.gz"
provenance = "github-attestations"

[tools.python."platforms.linux-x64"]
checksum = "sha256:1dbaa624a09e15afe7efbdac08d42993135a68db8d34f986ef6977a6d77bdc3c"
url = "https://github.com/astral-sh/python-build-standalone/releases/download/20260211/cpython-3.12.12+20260211-x86_64-unknown-linux-gnu-install_only_stripped.tar.gz"
provenance = "github-attestations"

[tools.python."platforms.linux-x64-musl"]
checksum = "sha256:d12d5af7c1cae4cdb69d3b98ae9151dcb9c57d0444f5217b7ba0a6f6e4e84441"
url = "https://github.com/astral-sh/python-build-standalone/releases/download/20260211/cpython-3.12.12+20260211-x86_64-unknown-linux-musl-install_only_stripped.tar.gz"
provenance = "github-attestations"

[tools.python."platforms.macos-arm64"]
checksum = "sha256:22625deaf5757e7c266cf1a096c9151a06b598b1e14632a2ec9993d58ec5fe84"
url = "https://github.com/astral-sh/python-build-standalone/releases/download/20260211/cpython-3.12.12+20260211-aarch64-apple-darwin-install_only_stripped.tar.gz"
provenance = "github-attestations"

[tools.python."platforms.macos-x64"]
checksum = "sha256:a84ac7a36d465bc6eb68db84540fdb5da04333900e2c3cb34b5d454f2022048c"
url = "https://github.com/astral-sh/python-build-standalone/releases/download/20260211/cpython-3.12.12+20260211-x86_64-apple-darwin-install_only_stripped.tar.gz"
provenance = "github-attestations"

[tools.python."platforms.windows-x64"]
checksum = "sha256:93bf8e8c05ede0077b197a29c99ebdaf253497f27190097494265150b4e70ba8"
url = "https://github.com/astral-sh/python-build-standalone/releases/download/20260211/cpython-3.12.12+20260211-x86_64-pc-windows-msvc-install_only_stripped.tar.gz"
provenance = "github-attestations"

[[tools.rust]]
version = "1.92.0"
backend = "core:rust"
specifiers = ["1.92.0"]

[tools.rust.options]
components = "clippy,rustfmt"
profile = "minimal"
targets = "x86_64-unknown-linux-musl"

[[tools.rust]]
version = "nightly-2025-12-17"
backend = "core:rust"
specifiers = ["nightly-2025-12-17"]

[tools.rust.options]
components = "rust-src"
profile = "minimal"

[[tools.uv]]
version = "0.10.7"
backend = "aqua:astral-sh/uv"
specifiers = ["0.10.7"]

[tools.uv."platforms.linux-arm64"]
checksum = "sha256:20efc27d946860093650bcf26096a016b10fdaf03b13c33b75fbde02962beea9"
url = "https://github.com/astral-sh/uv/releases/download/0.10.7/uv-aarch64-unknown-linux-gnu.tar.gz"
url_api = "https://api.github.com/repos/astral-sh/uv/releases/assets/363472134"
provenance = "github-attestations"

[tools.uv."platforms.linux-arm64-musl"]
checksum = "sha256:115291f9943531a3b63db3a2eabda8b74b8da4831551679382cb309c9debd9f7"
url = "https://github.com/astral-sh/uv/releases/download/0.10.7/uv-aarch64-unknown-linux-musl.tar.gz"
url_api = "https://api.github.com/repos/astral-sh/uv/releases/assets/363472138"
provenance = "github-attestations"

[tools.uv."platforms.linux-x64"]
checksum = "sha256:9ac6cee4e379a5abfca06e78a777b26b7ba1f81cb7935b97054d80d85ac00774"
url = "https://github.com/astral-sh/uv/releases/download/0.10.7/uv-x86_64-unknown-linux-gnu.tar.gz"
url_api = "https://api.github.com/repos/astral-sh/uv/releases/assets/363472188"
provenance = "github-attestations"

[tools.uv."platforms.linux-x64-musl"]
checksum = "sha256:992529add6024e67135b1c80617abd2eca7be2cf0b99b3911f923de815bd8dc1"
url = "https://github.com/astral-sh/uv/releases/download/0.10.7/uv-x86_64-unknown-linux-musl.tar.gz"
url_api = "https://api.github.com/repos/astral-sh/uv/releases/assets/363472191"
provenance = "github-attestations"

[tools.uv."platforms.macos-arm64"]
checksum = "sha256:1eb4dcc5e0fc8669fa0b33cf1151b64ba3b8c26b60dceff4f7a686129e2af22b"
url = "https://github.com/astral-sh/uv/releases/download/0.10.7/uv-aarch64-apple-darwin.tar.gz"
url_api = "https://api.github.com/repos/astral-sh/uv/releases/assets/363472129"
provenance = "github-attestations"

[tools.uv."platforms.macos-x64"]
checksum = "sha256:4fed9d4f4608fb3850db714ee37244436f850a2b6e485bc510795679c2d08866"
url = "https://github.com/astral-sh/uv/releases/download/0.10.7/uv-x86_64-apple-darwin.tar.gz"
url_api = "https://api.github.com/repos/astral-sh/uv/releases/assets/363472182"
provenance = "github-attestations"

[tools.uv."platforms.windows-x64"]
checksum = "sha256:8881afb877996a1373a12e816395122a8d39a3ac06cd066272acdb49510cf0fe"
url = "https://github.com/astral-sh/uv/releases/download/0.10.7/uv-x86_64-pc-windows-msvc.zip"
url_api = "https://api.github.com/repos/astral-sh/uv/releases/assets/363472186"
provenance = "github-attestations"

[[tools.zig]]
version = "0.14.1"
backend = "core:zig"
specifiers = ["0.14.1"]

[tools.zig."platforms.linux-arm64"]
checksum = "sha256:f7a654acc967864f7a050ddacfaa778c7504a0eca8d2b678839c21eea47c992b"
url = "https://ziglang.org/download/0.14.1/zig-aarch64-linux-0.14.1.tar.xz"

[tools.zig."platforms.linux-arm64-musl"]
checksum = "sha256:f7a654acc967864f7a050ddacfaa778c7504a0eca8d2b678839c21eea47c992b"
url = "https://ziglang.org/download/0.14.1/zig-aarch64-linux-0.14.1.tar.xz"

[tools.zig."platforms.linux-x64"]
checksum = "sha256:24aeeec8af16c381934a6cd7d95c807a8cb2cf7df9fa40d359aa884195c4716c"
url = "https://ziglang.org/download/0.14.1/zig-x86_64-linux-0.14.1.tar.xz"

[tools.zig."platforms.linux-x64-musl"]
checksum = "sha256:24aeeec8af16c381934a6cd7d95c807a8cb2cf7df9fa40d359aa884195c4716c"
url = "https://ziglang.org/download/0.14.1/zig-x86_64-linux-0.14.1.tar.xz"

[tools.zig."platforms.macos-arm64"]
checksum = "sha256:39f3dc5e79c22088ce878edc821dedb4ca5a1cd9f5ef915e9b3cc3053e8faefa"
url = "https://ziglang.org/download/0.14.1/zig-aarch64-macos-0.14.1.tar.xz"

[tools.zig."platforms.macos-x64"]
checksum = "sha256:b0f8bdfb9035783db58dd6c19d7dea89892acc3814421853e5752fe4573e5f43"
url = "https://ziglang.org/download/0.14.1/zig-x86_64-macos-0.14.1.tar.xz"

[tools.zig."platforms.windows-x64"]
checksum = "sha256:554f5378228923ffd558eac35e21af020c73789d87afeabf4bfd16f2e6feed2c"
url = "https://ziglang.org/download/0.14.1/zig-x86_64-windows-0.14.1.zip"
